
Microsoft Visual Studio Solution File, Format Version 12.00
# Visual Studio Version 16
VisualStudioVersion = 16.0.30204.135
MinimumVisualStudioVersion = 10.0.40219.1
Project("{9A19103F-16F7-4668-BE54-9A1E7A4F7556}") = "POC_UserManagementInterface", "POC_UserManagementInterface\POC_UserManagementInterface.csproj", "{EE90C97D-0D06-4EB3-AE66-8CA0B2828ADD}"
EndProject
Global
	GlobalSection(SolutionConfigurationPlatforms) = preSolution
		Debug|Any CPU = Debug|Any CPU
		Release|Any CPU = Release|Any CPU
	EndGlobalSection
	GlobalSection(ProjectConfigurationPlatforms) = postSolution
		{EE90C97D-0D06-4EB3-AE66-8CA0B2828ADD}.Debug|Any CPU.ActiveCfg = Debug|Any CPU
		{EE90C97D-0D06-4EB3-AE66-8CA0B2828ADD}.Debug|Any CPU.Build.0 = Debug|Any CPU
		{EE90C97D-0D06-4EB3-AE66-8CA0B2828ADD}.Release|Any CPU.ActiveCfg = Release|Any CPU
		{EE90C97D-0D06-4EB3-AE66-8CA0B2828ADD}.Release|Any CPU.Build.0 = Release|Any CPU
	EndGlobalSection
	GlobalSection(SolutionProperties) = preSolution
		HideSolutionNode = FALSE
	EndGlobalSection
	GlobalSection(ExtensibilityGlobals) = postSolution
		SolutionGuid = {48D5540B-77AB-43C5-ABB5-62821A92E4A3}
	EndGlobalSection
EndGlobal
